# THIS IS AN AUTOGENERATED FILE. DO NOT EDIT THIS FILE DIRECTLY.
assets/holden-styles.css:
  development: 2017-08-26T17:41:04-07:00   daa0d277f80a8646717335c62c106ee6
sections/custom-2.liquid:
  development: 2017-08-26T18:07:38-07:00   e790c3a63b34ff400c090595ca439149
sections/custom-3.liquid:
  development: 2017-08-26T18:08:34-07:00   e790c3a63b34ff400c090595ca439149
sections/custom-4.liquid:
  development: 2017-08-26T18:08:44-07:00   e790c3a63b34ff400c090595ca439149
sections/custom-5.liquid:
  development: 2017-08-26T18:08:56-07:00   e790c3a63b34ff400c090595ca439149
sections/custom-6.liquid:
  development: 2017-08-26T18:09:04-07:00   e790c3a63b34ff400c090595ca439149
sections/custom.liquid:
  development: 2017-08-26T17:57:27-07:00   e790c3a63b34ff400c090595ca439149
snippets/snippet_feat-list.liquid:
  development: 2017-08-26T15:51:47-07:00   199e39960200520f5b8725a4d11d347f
snippets/snippet_featured-products.liquid:
  development: 2017-08-26T17:39:12-07:00   08600aa0a687e394aa7af97ea606e6d0
snippets/snippet_image-text.liquid:
  development: 2017-08-26T15:20:34-07:00   0ceecea2a961bb5be2381d87d9611fde
templates/page.custom-1.liquid:
  development: 2017-08-26T17:44:16-07:00   6751c046d1b73bd1f44a84de568b921a
templates/page.custom-2.liquid:
  development: 2017-08-26T18:07:47-07:00   5058f2cf3c9af1a2ffebdcf941865aa2
templates/page.custom-3.liquid:
  development: 2017-08-26T18:09:33-07:00   ce0c77d8a53fb0a3ad35eed34beecab7
templates/page.custom-4.liquid:
  development: 2017-08-26T18:09:38-07:00   2a27b89e501f6018c48de0977b0eaa89
templates/page.custom-5.liquid:
  development: 2017-08-26T18:09:49-07:00   e07861fa1b1f16240a8ecad22d050ed9
templates/page.custom-6.liquid:
  development: 2017-08-26T18:09:53-07:00   fb7c538764b544e0d8f860ad9d253747
templates/page.dev.liquid:
  development: 2017-08-26T17:44:15-07:00   6751c046d1b73bd1f44a84de568b921a
