# THIS IS AN AUTOGENERATED FILE. DO NOT EDIT THIS FILE DIRECTLY.
assets/holden-styles.css:
  development: 2017-08-23T18:30:35-07:00   99a9298fe0ab1bcf343b39e75460ba09
sections/eco.liquid:
  development: 2017-08-23T17:57:57-07:00   e5e170b2bd9ed3f2bf4f0009f5a2ae7b
snippets/snippet_feat-list.liquid:
  development: 2017-08-23T18:32:12-07:00   3647de96e8f9546b25cd388690d9cb42
