# THIS IS AN AUTOGENERATED FILE. DO NOT EDIT THIS FILE DIRECTLY.
assets/holden-styles.css:
  development: 2017-08-26T15:49:16-07:00   935d514d1f3bfe143c1afcced766cbdf
sections/eco.liquid:
  development: 2017-08-26T16:21:56-07:00   bc287d193509676ab967c1c86136a638
snippets/snippet_feat-list.liquid:
  development: 2017-08-26T15:51:47-07:00   199e39960200520f5b8725a4d11d347f
snippets/snippet_featured-products.liquid:
  development: 2017-08-26T16:21:46-07:00   29fe3965f492f54d9311d163eee74956
snippets/snippet_image-text.liquid:
  development: 2017-08-26T15:20:34-07:00   0ceecea2a961bb5be2381d87d9611fde
